
Microsoft Visual Studio Solution File, Format Version 12.00
# Visual Studio Version 17
VisualStudioVersion = 17.8.34309.116
MinimumVisualStudioVersion = 10.0.40219.1
Project("{FAE04EC0-301F-11D3-BF4B-00C04F79EFBC}") = "WebAPI", "WebAPI\WebAPI.csproj", "{84E235C5-E8FF-49F4-89D0-F2188896C168}"
EndProject
Project("{FAE04EC0-301F-11D3-BF4B-00C04F79EFBC}") = "Tests", "Tests\Tests.csproj", "{6CA138DA-F3D0-444C-840B-259B0A277D51}"
EndProject
Project("{FAE04EC0-301F-11D3-BF4B-00C04F79EFBC}") = "Business", "Business\Business.csproj", "{7613E200-5D9C-4984-A1EC-32AE65A0A5F8}"
EndProject
Project("{FAE04EC0-301F-11D3-BF4B-00C04F79EFBC}") = "DataAccess", "DataAccess\DataAccess.csproj", "{2818697A-D37E-4EBD-A57A-8850DAE426DD}"
EndProject
Project("{FAE04EC0-301F-11D3-BF4B-00C04F79EFBC}") = "Core", "Core\Core.csproj", "{081C7B68-0C20-4DF6-90FD-508A7918224F}"
EndProject
Project("{FAE04EC0-301F-11D3-BF4B-00C04F79EFBC}") = "Entities", "Entities\Entities.csproj", "{CF309257-BE0B-4888-997C-DA30C3936A00}"
EndProject
Project("{FAE04EC0-301F-11D3-BF4B-00C04F79EFBC}") = "UIPreparation", "UIPreparation\UIPreparation.csproj", "{7EDC4F7C-596C-487A-A8C6-AD5F7EE15E57}"
EndProject
Global
	GlobalSection(SolutionConfigurationPlatforms) = preSolution
		Debug|Any CPU = Debug|Any CPU
		Release|Any CPU = Release|Any CPU
	EndGlobalSection
	GlobalSection(ProjectConfigurationPlatforms) = postSolution
		{84E235C5-E8FF-49F4-89D0-F2188896C168}.Debug|Any CPU.ActiveCfg = Debug|Any CPU
		{84E235C5-E8FF-49F4-89D0-F2188896C168}.Debug|Any CPU.Build.0 = Debug|Any CPU
		{84E235C5-E8FF-49F4-89D0-F2188896C168}.Release|Any CPU.ActiveCfg = Release|Any CPU
		{84E235C5-E8FF-49F4-89D0-F2188896C168}.Release|Any CPU.Build.0 = Release|Any CPU
		{6CA138DA-F3D0-444C-840B-259B0A277D51}.Debug|Any CPU.ActiveCfg = Debug|Any CPU
		{6CA138DA-F3D0-444C-840B-259B0A277D51}.Debug|Any CPU.Build.0 = Debug|Any CPU
		{6CA138DA-F3D0-444C-840B-259B0A277D51}.Release|Any CPU.ActiveCfg = Release|Any CPU
		{6CA138DA-F3D0-444C-840B-259B0A277D51}.Release|Any CPU.Build.0 = Release|Any CPU
		{7613E200-5D9C-4984-A1EC-32AE65A0A5F8}.Debug|Any CPU.ActiveCfg = Debug|Any CPU
		{7613E200-5D9C-4984-A1EC-32AE65A0A5F8}.Debug|Any CPU.Build.0 = Debug|Any CPU
		{7613E200-5D9C-4984-A1EC-32AE65A0A5F8}.Release|Any CPU.ActiveCfg = Release|Any CPU
		{7613E200-5D9C-4984-A1EC-32AE65A0A5F8}.Release|Any CPU.Build.0 = Release|Any CPU
		{2818697A-D37E-4EBD-A57A-8850DAE426DD}.Debug|Any CPU.ActiveCfg = Debug|Any CPU
		{2818697A-D37E-4EBD-A57A-8850DAE426DD}.Debug|Any CPU.Build.0 = Debug|Any CPU
		{2818697A-D37E-4EBD-A57A-8850DAE426DD}.Release|Any CPU.ActiveCfg = Release|Any CPU
		{2818697A-D37E-4EBD-A57A-8850DAE426DD}.Release|Any CPU.Build.0 = Release|Any CPU
		{081C7B68-0C20-4DF6-90FD-508A7918224F}.Debug|Any CPU.ActiveCfg = Debug|Any CPU
		{081C7B68-0C20-4DF6-90FD-508A7918224F}.Debug|Any CPU.Build.0 = Debug|Any CPU
		{081C7B68-0C20-4DF6-90FD-508A7918224F}.Release|Any CPU.ActiveCfg = Release|Any CPU
		{081C7B68-0C20-4DF6-90FD-508A7918224F}.Release|Any CPU.Build.0 = Release|Any CPU
		{CF309257-BE0B-4888-997C-DA30C3936A00}.Debug|Any CPU.ActiveCfg = Debug|Any CPU
		{CF309257-BE0B-4888-997C-DA30C3936A00}.Debug|Any CPU.Build.0 = Debug|Any CPU
		{CF309257-BE0B-4888-997C-DA30C3936A00}.Release|Any CPU.ActiveCfg = Release|Any CPU
		{CF309257-BE0B-4888-997C-DA30C3936A00}.Release|Any CPU.Build.0 = Release|Any CPU
		{7EDC4F7C-596C-487A-A8C6-AD5F7EE15E57}.Debug|Any CPU.ActiveCfg = Debug|Any CPU
		{7EDC4F7C-596C-487A-A8C6-AD5F7EE15E57}.Debug|Any CPU.Build.0 = Debug|Any CPU
		{7EDC4F7C-596C-487A-A8C6-AD5F7EE15E57}.Release|Any CPU.ActiveCfg = Release|Any CPU
		{7EDC4F7C-596C-487A-A8C6-AD5F7EE15E57}.Release|Any CPU.Build.0 = Release|Any CPU
	EndGlobalSection
	GlobalSection(SolutionProperties) = preSolution
		HideSolutionNode = FALSE
	EndGlobalSection
	GlobalSection(ExtensibilityGlobals) = postSolution
		SolutionGuid = {8CCE0576-3DB1-4321-AA05-A85C31F0ADA1}
	EndGlobalSection
EndGlobal
